
Microsoft Visual Studio Solution File, Format Version 12.00
# Visual Studio 15
VisualStudioVersion = 15.0.28307.271
MinimumVisualStudioVersion = 10.0.40219.1
Project("{FAE04EC0-301F-11D3-BF4B-00C04F79EFBC}") = "SkypeSlack", "SkypeSlack\SkypeSlack.csproj", "{34EBE73E-3671-455E-AAF5-132B5048B741}"
EndProject
Global
	GlobalSection(SolutionConfigurationPlatforms) = preSolution
		Debug|Any CPU = Debug|Any CPU
		Release|Any CPU = Release|Any CPU
	EndGlobalSection
	GlobalSection(ProjectConfigurationPlatforms) = postSolution
		{34EBE73E-3671-455E-AAF5-132B5048B741}.Debug|Any CPU.ActiveCfg = Debug|Any CPU
		{34EBE73E-3671-455E-AAF5-132B5048B741}.Debug|Any CPU.Build.0 = Debug|Any CPU
		{34EBE73E-3671-455E-AAF5-132B5048B741}.Release|Any CPU.ActiveCfg = Release|Any CPU
		{34EBE73E-3671-455E-AAF5-132B5048B741}.Release|Any CPU.Build.0 = Release|Any CPU
	EndGlobalSection
	GlobalSection(SolutionProperties) = preSolution
		HideSolutionNode = FALSE
	EndGlobalSection
	GlobalSection(ExtensibilityGlobals) = postSolution
		SolutionGuid = {4C4070CC-4FC2-4756-AABA-FE9F34906264}
	EndGlobalSection
EndGlobal
